// !$*UTF8*$!
{
	archiveVersion = 1;
	classes = {
	};
	objectVersion = 46;
	objects = {

/* Begin PBXBuildFile section */
		CF3BA1A11ABCD2AC00756873 /* HighScoreManager.m in Sources */ = {isa = PBXBuildFile; fileRef = CF3BA1A01ABCD2AC00756873 /* HighScoreManager.m */; };
		CF3BA1A41ABCD2E800756873 /* Score.m in Sources */ = {isa = PBXBuildFile; fileRef = CF3BA1A31ABCD2E800756873 /* Score.m */; };
		CF3BA1A71ABCEC8000756873 /* NSMutableArray_Shuffling.m in Sources */ = {isa = PBXBuildFile; fileRef = CF3BA1A61ABCEC8000756873 /* NSMutableArray_Shuffling.m */; };
		CFE57B101ABA2BD1008C09C3 /* Game.m in Sources */ = {isa = PBXBuildFile; fileRef = CFE57B0F1ABA2BD1008C09C3 /* Game.m */; };
		CFE57B131ABA2D15008C09C3 /* Question.m in Sources */ = {isa = PBXBuildFile; fileRef = CFE57B121ABA2D15008C09C3 /* Question.m */; };
		CFE57B161ABA3012008C09C3 /* Answer.m in Sources */ = {isa = PBXBuildFile; fileRef = CFE57B151ABA3012008C09C3 /* Answer.m */; };
		CFE57B1F1ABA3F59008C09C3 /* Json.m in Sources */ = {isa = PBXBuildFile; fileRef = CFE57B1E1ABA3F59008C09C3 /* Json.m */; };
		CFE57B241ABA440B008C09C3 /* StudentOpinion.m in Sources */ = {isa = PBXBuildFile; fileRef = CFE57B231ABA440B008C09C3 /* StudentOpinion.m */; };
		E831E99F1AB91F0F005D5635 /* main.m in Sources */ = {isa = PBXBuildFile; fileRef = E831E99E1AB91F0F005D5635 /* main.m */; };
		E831E9A21AB91F0F005D5635 /* AppDelegate.m in Sources */ = {isa = PBXBuildFile; fileRef = E831E9A11AB91F0F005D5635 /* AppDelegate.m */; };
		E831E9A51AB91F10005D5635 /* StartViewController.m in Sources */ = {isa = PBXBuildFile; fileRef = E831E9A41AB91F0F005D5635 /* StartViewController.m */; };
		E831E9A81AB91F10005D5635 /* Main.storyboard in Resources */ = {isa = PBXBuildFile; fileRef = E831E9A61AB91F10005D5635 /* Main.storyboard */; };
		E831E9AA1AB91F10005D5635 /* Images.xcassets in Resources */ = {isa = PBXBuildFile; fileRef = E831E9A91AB91F10005D5635 /* Images.xcassets */; };
		E831E9AD1AB91F10005D5635 /* LaunchScreen.xib in Resources */ = {isa = PBXBuildFile; fileRef = E831E9AB1AB91F10005D5635 /* LaunchScreen.xib */; };
		E831E9B91AB91F10005D5635 /* BEPiD_03_quizTests.m in Sources */ = {isa = PBXBuildFile; fileRef = E831E9B81AB91F10005D5635 /* BEPiD_03_quizTests.m */; };
		E84D47621ABDEDCC0051B3CD /* 475332-flag-128.png in Resources */ = {isa = PBXBuildFile; fileRef = E84D475F1ABDEDCC0051B3CD /* 475332-flag-128.png */; };
		E84D47631ABDEDCC0051B3CD /* 475333-announce-128.png in Resources */ = {isa = PBXBuildFile; fileRef = E84D47601ABDEDCC0051B3CD /* 475333-announce-128.png */; };
		E84D47641ABDEDCC0051B3CD /* modifier-128.png in Resources */ = {isa = PBXBuildFile; fileRef = E84D47611ABDEDCC0051B3CD /* modifier-128.png */; };
		E8ABE6C51ABF2C5100F4AC7C /* GameOverViewController.m in Sources */ = {isa = PBXBuildFile; fileRef = E8ABE6C41ABF2C5100F4AC7C /* GameOverViewController.m */; };
		E8ABE6C81ABF52DB00F4AC7C /* HighScoreViewController.m in Sources */ = {isa = PBXBuildFile; fileRef = E8ABE6C71ABF52DB00F4AC7C /* HighScoreViewController.m */; };
		E8ABE6E51ABF652200F4AC7C /* Question1.json in Resources */ = {isa = PBXBuildFile; fileRef = E8ABE6C91ABF652200F4AC7C /* Question1.json */; };
		E8ABE6E61ABF652200F4AC7C /* Question2.json in Resources */ = {isa = PBXBuildFile; fileRef = E8ABE6CA1ABF652200F4AC7C /* Question2.json */; };
		E8ABE6E71ABF652200F4AC7C /* Question3.json in Resources */ = {isa = PBXBuildFile; fileRef = E8ABE6CB1ABF652200F4AC7C /* Question3.json */; };
		E8ABE6E81ABF652200F4AC7C /* Question4.json in Resources */ = {isa = PBXBuildFile; fileRef = E8ABE6CC1ABF652200F4AC7C /* Question4.json */; };
		E8ABE6E91ABF652200F4AC7C /* Question5.json in Resources */ = {isa = PBXBuildFile; fileRef = E8ABE6CD1ABF652200F4AC7C /* Question5.json */; };
		E8ABE6EA1ABF652200F4AC7C /* Question6.json in Resources */ = {isa = PBXBuildFile; fileRef = E8ABE6CE1ABF652200F4AC7C /* Question6.json */; };
		E8ABE6EB1ABF652200F4AC7C /* Question7.json in Resources */ = {isa = PBXBuildFile; fileRef = E8ABE6CF1ABF652200F4AC7C /* Question7.json */; };
		E8ABE6EC1ABF652200F4AC7C /* Question8.json in Resources */ = {isa = PBXBuildFile; fileRef = E8ABE6D01ABF652200F4AC7C /* Question8.json */; };
		E8ABE6ED1ABF652200F4AC7C /* Question9.json in Resources */ = {isa = PBXBuildFile; fileRef = E8ABE6D11ABF652200F4AC7C /* Question9.json */; };
		E8ABE6EE1ABF652200F4AC7C /* Question10.json in Resources */ = {isa = PBXBuildFile; fileRef = E8ABE6D21ABF652200F4AC7C /* Question10.json */; };
		E8ABE6EF1ABF652200F4AC7C /* Question11.json in Resources */ = {isa = PBXBuildFile; fileRef = E8ABE6D31ABF652200F4AC7C /* Question11.json */; };
		E8ABE6F01ABF652200F4AC7C /* Question12.json in Resources */ = {isa = PBXBuildFile; fileRef = E8ABE6D41ABF652200F4AC7C /* Question12.json */; };
		E8ABE6F11ABF652200F4AC7C /* Question13.json in Resources */ = {isa = PBXBuildFile; fileRef = E8ABE6D51ABF652200F4AC7C /* Question13.json */; };
		E8ABE6F21ABF652200F4AC7C /* Question14.json in Resources */ = {isa = PBXBuildFile; fileRef = E8ABE6D61ABF652200F4AC7C /* Question14.json */; };
		E8ABE6F31ABF652200F4AC7C /* Question15.json in Resources */ = {isa = PBXBuildFile; fileRef = E8ABE6D71ABF652200F4AC7C /* Question15.json */; };
		E8ABE6F41ABF652200F4AC7C /* Question16.json in Resources */ = {isa = PBXBuildFile; fileRef = E8ABE6D81ABF652200F4AC7C /* Question16.json */; };
		E8ABE6F51ABF652200F4AC7C /* Question17.json in Resources */ = {isa = PBXBuildFile; fileRef = E8ABE6D91ABF652200F4AC7C /* Question17.json */; };
		E8ABE6F61ABF652200F4AC7C /* Question18.json in Resources */ = {isa = PBXBuildFile; fileRef = E8ABE6DA1ABF652200F4AC7C /* Question18.json */; };
		E8ABE6F71ABF652200F4AC7C /* Question19.json in Resources */ = {isa = PBXBuildFile; fileRef = E8ABE6DB1ABF652200F4AC7C /* Question19.json */; };
		E8ABE6F81ABF652200F4AC7C /* Question20.json in Resources */ = {isa = PBXBuildFile; fileRef = E8ABE6DC1ABF652200F4AC7C /* Question20.json */; };
		E8ABE6F91ABF652200F4AC7C /* Question21.json in Resources */ = {isa = PBXBuildFile; fileRef = E8ABE6DD1ABF652200F4AC7C /* Question21.json */; };
		E8ABE6FA1ABF652200F4AC7C /* Question22.json in Resources */ = {isa = PBXBuildFile; fileRef = E8ABE6DE1ABF652200F4AC7C /* Question22.json */; };
		E8ABE6FB1ABF652200F4AC7C /* Question23.json in Resources */ = {isa = PBXBuildFile; fileRef = E8ABE6DF1ABF652200F4AC7C /* Question23.json */; };
		E8ABE6FC1ABF652200F4AC7C /* Question24.json in Resources */ = {isa = PBXBuildFile; fileRef = E8ABE6E01ABF652200F4AC7C /* Question24.json */; };
		E8ABE6FD1ABF652200F4AC7C /* Question25.json in Resources */ = {isa = PBXBuildFile; fileRef = E8ABE6E11ABF652200F4AC7C /* Question25.json */; };
		E8ABE6FE1ABF652200F4AC7C /* Question26.json in Resources */ = {isa = PBXBuildFile; fileRef = E8ABE6E21ABF652200F4AC7C /* Question26.json */; };
		E8ABE6FF1ABF652200F4AC7C /* Question27.json in Resources */ = {isa = PBXBuildFile; fileRef = E8ABE6E31ABF652200F4AC7C /* Question27.json */; };
		E8ABE7001ABF652200F4AC7C /* Question0.json in Resources */ = {isa = PBXBuildFile; fileRef = E8ABE6E41ABF652200F4AC7C /* Question0.json */; };
		E8ABE7031ABF7E3400F4AC7C /* UIView_Blur.m in Sources */ = {isa = PBXBuildFile; fileRef = E8ABE7021ABF7E3400F4AC7C /* UIView_Blur.m */; };
		E8ABE7061ABF855800F4AC7C /* TableViewController.m in Sources */ = {isa = PBXBuildFile; fileRef = E8ABE7051ABF855800F4AC7C /* TableViewController.m */; };
		E8ABE7091ABF8D4500F4AC7C /* UIImage+ImageEffects.m in Sources */ = {isa = PBXBuildFile; fileRef = E8ABE7081ABF8D4500F4AC7C /* UIImage+ImageEffects.m */; };
		E8ABE70C1ABF92AE00F4AC7C /* UINavigationController+Fade.m in Sources */ = {isa = PBXBuildFile; fileRef = E8ABE70B1ABF92AE00F4AC7C /* UINavigationController+Fade.m */; };
		E8ABE70E1ABFB26D00F4AC7C /* tray-online.png in Resources */ = {isa = PBXBuildFile; fileRef = E8ABE70D1ABFB26D00F4AC7C /* tray-online.png */; };
		E8FD43591ABE1B0700798D03 /* QuestionState.m in Sources */ = {isa = PBXBuildFile; fileRef = E8FD43581ABE1B0700798D03 /* QuestionState.m */; };
		E8FD435C1ABE275E00798D03 /* GameViewController.m in Sources */ = {isa = PBXBuildFile; fileRef = E8FD435B1ABE275E00798D03 /* GameViewController.m */; };
		E8FD435F1ABE2A7100798D03 /* GameQuestionViewController.m in Sources */ = {isa = PBXBuildFile; fileRef = E8FD435E1ABE2A7100798D03 /* GameQuestionViewController.m */; };
		E8FD43621ABE2A9000798D03 /* GameOptionsViewController.m in Sources */ = {isa = PBXBuildFile; fileRef = E8FD43611ABE2A9000798D03 /* GameOptionsViewController.m */; };
		E8FD43651ABE2AB400798D03 /* GameProgressViewController.m in Sources */ = {isa = PBXBuildFile; fileRef = E8FD43641ABE2AB400798D03 /* GameProgressViewController.m */; };
/* End PBXBuildFile section */

/* Begin PBXContainerItemProxy section */
		E831E9B31AB91F10005D5635 /* PBXContainerItemProxy */ = {
			isa = PBXContainerItemProxy;
			containerPortal = E831E9911AB91F0F005D5635 /* Project object */;
			proxyType = 1;
			remoteGlobalIDString = E831E9981AB91F0F005D5635;
			remoteInfo = "BEPiD-03-quiz";
		};
/* End PBXContainerItemProxy section */

/* Begin PBXFileReference section */
		CF3BA19F1ABCD2AC00756873 /* HighScoreManager.h */ = {isa = PBXFileReference; fileEncoding = 4; lastKnownFileType = sourcecode.c.h; name = HighScoreManager.h; path = Model/HighScoreManager.h; sourceTree = "<group>"; };
		CF3BA1A01ABCD2AC00756873 /* HighScoreManager.m */ = {isa = PBXFileReference; fileEncoding = 4; lastKnownFileType = sourcecode.c.objc; name = HighScoreManager.m; path = Model/HighScoreManager.m; sourceTree = "<group>"; };
		CF3BA1A21ABCD2E800756873 /* Score.h */ = {isa = PBXFileReference; fileEncoding = 4; lastKnownFileType = sourcecode.c.h; name = Score.h; path = Model/Score.h; sourceTree = "<group>"; };
		CF3BA1A31ABCD2E800756873 /* Score.m */ = {isa = PBXFileReference; fileEncoding = 4; lastKnownFileType = sourcecode.c.objc; name = Score.m; path = Model/Score.m; sourceTree = "<group>"; };
		CF3BA1A51ABCEC8000756873 /* NSMutableArray_Shuffling.h */ = {isa = PBXFileReference; fileEncoding = 4; lastKnownFileType = sourcecode.c.h; name = NSMutableArray_Shuffling.h; path = Extensions/NSMutableArray_Shuffling.h; sourceTree = "<group>"; };
		CF3BA1A61ABCEC8000756873 /* NSMutableArray_Shuffling.m */ = {isa = PBXFileReference; fileEncoding = 4; lastKnownFileType = sourcecode.c.objc; name = NSMutableArray_Shuffling.m; path = Extensions/NSMutableArray_Shuffling.m; sourceTree = "<group>"; };
		CFE57B0E1ABA2BD1008C09C3 /* Game.h */ = {isa = PBXFileReference; fileEncoding = 4; lastKnownFileType = sourcecode.c.h; name = Game.h; path = Model/Game.h; sourceTree = "<group>"; };
		CFE57B0F1ABA2BD1008C09C3 /* Game.m */ = {isa = PBXFileReference; fileEncoding = 4; lastKnownFileType = sourcecode.c.objc; name = Game.m; path = Model/Game.m; sourceTree = "<group>"; };
		CFE57B111ABA2D15008C09C3 /* Question.h */ = {isa = PBXFileReference; fileEncoding = 4; lastKnownFileType = sourcecode.c.h; name = Question.h; path = Model/Question.h; sourceTree = "<group>"; };
		CFE57B121ABA2D15008C09C3 /* Question.m */ = {isa = PBXFileReference; fileEncoding = 4; lastKnownFileType = sourcecode.c.objc; name = Question.m; path = Model/Question.m; sourceTree = "<group>"; };
		CFE57B141ABA3012008C09C3 /* Answer.h */ = {isa = PBXFileReference; fileEncoding = 4; lastKnownFileType = sourcecode.c.h; name = Answer.h; path = Model/Answer.h; sourceTree = "<group>"; };
		CFE57B151ABA3012008C09C3 /* Answer.m */ = {isa = PBXFileReference; fileEncoding = 4; lastKnownFileType = sourcecode.c.objc; name = Answer.m; path = Model/Answer.m; sourceTree = "<group>"; };
		CFE57B1D1ABA3F59008C09C3 /* Json.h */ = {isa = PBXFileReference; fileEncoding = 4; lastKnownFileType = sourcecode.c.h; name = Json.h; path = Model/Json.h; sourceTree = "<group>"; };
		CFE57B1E1ABA3F59008C09C3 /* Json.m */ = {isa = PBXFileReference; fileEncoding = 4; lastKnownFileType = sourcecode.c.objc; name = Json.m; path = Model/Json.m; sourceTree = "<group>"; };
		CFE57B221ABA440B008C09C3 /* StudentOpinion.h */ = {isa = PBXFileReference; fileEncoding = 4; lastKnownFileType = sourcecode.c.h; name = StudentOpinion.h; path = Model/StudentOpinion.h; sourceTree = "<group>"; };
		CFE57B231ABA440B008C09C3 /* StudentOpinion.m */ = {isa = PBXFileReference; fileEncoding = 4; lastKnownFileType = sourcecode.c.objc; name = StudentOpinion.m; path = Model/StudentOpinion.m; sourceTree = "<group>"; };
		E831E9991AB91F0F005D5635 /* BEPiD-03-quiz.app */ = {isa = PBXFileReference; explicitFileType = wrapper.application; includeInIndex = 0; path = "BEPiD-03-quiz.app"; sourceTree = BUILT_PRODUCTS_DIR; };
		E831E99D1AB91F0F005D5635 /* Info.plist */ = {isa = PBXFileReference; lastKnownFileType = text.plist.xml; path = Info.plist; sourceTree = "<group>"; };
		E831E99E1AB91F0F005D5635 /* main.m */ = {isa = PBXFileReference; lastKnownFileType = sourcecode.c.objc; path = main.m; sourceTree = "<group>"; };
		E831E9A01AB91F0F005D5635 /* AppDelegate.h */ = {isa = PBXFileReference; lastKnownFileType = sourcecode.c.h; path = AppDelegate.h; sourceTree = "<group>"; };
		E831E9A11AB91F0F005D5635 /* AppDelegate.m */ = {isa = PBXFileReference; lastKnownFileType = sourcecode.c.objc; path = AppDelegate.m; sourceTree = "<group>"; };
		E831E9A31AB91F0F005D5635 /* StartViewController.h */ = {isa = PBXFileReference; lastKnownFileType = sourcecode.c.h; path = StartViewController.h; sourceTree = "<group>"; };
		E831E9A41AB91F0F005D5635 /* StartViewController.m */ = {isa = PBXFileReference; lastKnownFileType = sourcecode.c.objc; path = StartViewController.m; sourceTree = "<group>"; };
		E831E9A71AB91F10005D5635 /* Base */ = {isa = PBXFileReference; lastKnownFileType = file.storyboard; name = Base; path = Base.lproj/Main.storyboard; sourceTree = "<group>"; };
		E831E9A91AB91F10005D5635 /* Images.xcassets */ = {isa = PBXFileReference; lastKnownFileType = folder.assetcatalog; path = Images.xcassets; sourceTree = "<group>"; };
		E831E9AC1AB91F10005D5635 /* Base */ = {isa = PBXFileReference; lastKnownFileType = file.xib; name = Base; path = Base.lproj/LaunchScreen.xib; sourceTree = "<group>"; };
		E831E9B21AB91F10005D5635 /* BEPiD-03-quizTests.xctest */ = {isa = PBXFileReference; explicitFileType = wrapper.cfbundle; includeInIndex = 0; path = "BEPiD-03-quizTests.xctest"; sourceTree = BUILT_PRODUCTS_DIR; };
		E831E9B71AB91F10005D5635 /* Info.plist */ = {isa = PBXFileReference; lastKnownFileType = text.plist.xml; path = Info.plist; sourceTree = "<group>"; };
		E831E9B81AB91F10005D5635 /* BEPiD_03_quizTests.m */ = {isa = PBXFileReference; lastKnownFileType = sourcecode.c.objc; path = BEPiD_03_quizTests.m; sourceTree = "<group>"; };
		E84D475F1ABDEDCC0051B3CD /* 475332-flag-128.png */ = {isa = PBXFileReference; lastKnownFileType = image.png; name = "475332-flag-128.png"; path = "Images/475332-flag-128.png"; sourceTree = "<group>"; };
		E84D47601ABDEDCC0051B3CD /* 475333-announce-128.png */ = {isa = PBXFileReference; lastKnownFileType = image.png; name = "475333-announce-128.png"; path = "Images/475333-announce-128.png"; sourceTree = "<group>"; };
		E84D47611ABDEDCC0051B3CD /* modifier-128.png */ = {isa = PBXFileReference; lastKnownFileType = image.png; name = "modifier-128.png"; path = "Images/modifier-128.png"; sourceTree = "<group>"; };
		E8ABE6C31ABF2C5100F4AC7C /* GameOverViewController.h */ = {isa = PBXFileReference; fileEncoding = 4; lastKnownFileType = sourcecode.c.h; path = GameOverViewController.h; sourceTree = "<group>"; };
		E8ABE6C41ABF2C5100F4AC7C /* GameOverViewController.m */ = {isa = PBXFileReference; fileEncoding = 4; lastKnownFileType = sourcecode.c.objc; path = GameOverViewController.m; sourceTree = "<group>"; };
		E8ABE6C61ABF52DB00F4AC7C /* HighScoreViewController.h */ = {isa = PBXFileReference; fileEncoding = 4; lastKnownFileType = sourcecode.c.h; path = HighScoreViewController.h; sourceTree = "<group>"; };
		E8ABE6C71ABF52DB00F4AC7C /* HighScoreViewController.m */ = {isa = PBXFileReference; fileEncoding = 4; lastKnownFileType = sourcecode.c.objc; path = HighScoreViewController.m; sourceTree = "<group>"; };
		E8ABE6C91ABF652200F4AC7C /* Question1.json */ = {isa = PBXFileReference; fileEncoding = 4; lastKnownFileType = text.json; name = Question1.json; path = Data/Question1.json; sourceTree = "<group>"; };
		E8ABE6CA1ABF652200F4AC7C /* Question2.json */ = {isa = PBXFileReference; fileEncoding = 4; lastKnownFileType = text.json; name = Question2.json; path = Data/Question2.json; sourceTree = "<group>"; };
		E8ABE6CB1ABF652200F4AC7C /* Question3.json */ = {isa = PBXFileReference; fileEncoding = 4; lastKnownFileType = text.json; name = Question3.json; path = Data/Question3.json; sourceTree = "<group>"; };
		E8ABE6CC1ABF652200F4AC7C /* Question4.json */ = {isa = PBXFileReference; fileEncoding = 4; lastKnownFileType = text.json; name = Question4.json; path = Data/Question4.json; sourceTree = "<group>"; };
		E8ABE6CD1ABF652200F4AC7C /* Question5.json */ = {isa = PBXFileReference; fileEncoding = 4; lastKnownFileType = text.json; name = Question5.json; path = Data/Question5.json; sourceTree = "<group>"; };
		E8ABE6CE1ABF652200F4AC7C /* Question6.json */ = {isa = PBXFileReference; fileEncoding = 4; lastKnownFileType = text.json; name = Question6.json; path = Data/Question6.json; sourceTree = "<group>"; };
		E8ABE6CF1ABF652200F4AC7C /* Question7.json */ = {isa = PBXFileReference; fileEncoding = 4; lastKnownFileType = text.json; name = Question7.json; path = Data/Question7.json; sourceTree = "<group>"; };
		E8ABE6D01ABF652200F4AC7C /* Question8.json */ = {isa = PBXFileReference; fileEncoding = 4; lastKnownFileType = text.json; name = Question8.json; path = Data/Question8.json; sourceTree = "<group>"; };
		E8ABE6D11ABF652200F4AC7C /* Question9.json */ = {isa = PBXFileReference; fileEncoding = 4; lastKnownFileType = text.json; name = Question9.json; path = Data/Question9.json; sourceTree = "<group>"; };
		E8ABE6D21ABF652200F4AC7C /* Question10.json */ = {isa = PBXFileReference; fileEncoding = 4; lastKnownFileType = text.json; name = Question10.json; path = Data/Question10.json; sourceTree = "<group>"; };
		E8ABE6D31ABF652200F4AC7C /* Question11.json */ = {isa = PBXFileReference; fileEncoding = 4; lastKnownFileType = text.json; name = Question11.json; path = Data/Question11.json; sourceTree = "<group>"; };
		E8ABE6D41ABF652200F4AC7C /* Question12.json */ = {isa = PBXFileReference; fileEncoding = 4; lastKnownFileType = text.json; name = Question12.json; path = Data/Question12.json; sourceTree = "<group>"; };
		E8ABE6D51ABF652200F4AC7C /* Question13.json */ = {isa = PBXFileReference; fileEncoding = 4; lastKnownFileType = text.json; name = Question13.json; path = Data/Question13.json; sourceTree = "<group>"; };
		E8ABE6D61ABF652200F4AC7C /* Question14.json */ = {isa = PBXFileReference; fileEncoding = 4; lastKnownFileType = text.json; name = Question14.json; path = Data/Question14.json; sourceTree = "<group>"; };
		E8ABE6D71ABF652200F4AC7C /* Question15.json */ = {isa = PBXFileReference; fileEncoding = 4; lastKnownFileType = text.json; name = Question15.json; path = Data/Question15.json; sourceTree = "<group>"; };
		E8ABE6D81ABF652200F4AC7C /* Question16.json */ = {isa = PBXFileReference; fileEncoding = 4; lastKnownFileType = text.json; name = Question16.json; path = Data/Question16.json; sourceTree = "<group>"; };
		E8ABE6D91ABF652200F4AC7C /* Question17.json */ = {isa = PBXFileReference; fileEncoding = 4; lastKnownFileType = text.json; name = Question17.json; path = Data/Question17.json; sourceTree = "<group>"; };
		E8ABE6DA1ABF652200F4AC7C /* Question18.json */ = {isa = PBXFileReference; fileEncoding = 4; lastKnownFileType = text.json; name = Question18.json; path = Data/Question18.json; sourceTree = "<group>"; };
		E8ABE6DB1ABF652200F4AC7C /* Question19.json */ = {isa = PBXFileReference; fileEncoding = 4; lastKnownFileType = text.json; name = Question19.json; path = Data/Question19.json; sourceTree = "<group>"; };
		E8ABE6DC1ABF652200F4AC7C /* Question20.json */ = {isa = PBXFileReference; fileEncoding = 4; lastKnownFileType = text.json; name = Question20.json; path = Data/Question20.json; sourceTree = "<group>"; };
		E8ABE6DD1ABF652200F4AC7C /* Question21.json */ = {isa = PBXFileReference; fileEncoding = 4; lastKnownFileType = text.json; name = Question21.json; path = Data/Question21.json; sourceTree = "<group>"; };
		E8ABE6DE1ABF652200F4AC7C /* Question22.json */ = {isa = PBXFileReference; fileEncoding = 4; lastKnownFileType = text.json; name = Question22.json; path = Data/Question22.json; sourceTree = "<group>"; };
		E8ABE6DF1ABF652200F4AC7C /* Question23.json */ = {isa = PBXFileReference; fileEncoding = 4; lastKnownFileType = text.json; name = Question23.json; path = Data/Question23.json; sourceTree = "<group>"; };
		E8ABE6E01ABF652200F4AC7C /* Question24.json */ = {isa = PBXFileReference; fileEncoding = 4; lastKnownFileType = text.json; name = Question24.json; path = Data/Question24.json; sourceTree = "<group>"; };
		E8ABE6E11ABF652200F4AC7C /* Question25.json */ = {isa = PBXFileReference; fileEncoding = 4; lastKnownFileType = text.json; name = Question25.json; path = Data/Question25.json; sourceTree = "<group>"; };
		E8ABE6E21ABF652200F4AC7C /* Question26.json */ = {isa = PBXFileReference; fileEncoding = 4; lastKnownFileType = text.json; name = Question26.json; path = Data/Question26.json; sourceTree = "<group>"; };
		E8ABE6E31ABF652200F4AC7C /* Question27.json */ = {isa = PBXFileReference; fileEncoding = 4; lastKnownFileType = text.json; name = Question27.json; path = Data/Question27.json; sourceTree = "<group>"; };
		E8ABE6E41ABF652200F4AC7C /* Question0.json */ = {isa = PBXFileReference; fileEncoding = 4; lastKnownFileType = text.json; name = Question0.json; path = Data/Question0.json; sourceTree = "<group>"; };
		E8ABE7011ABF7E3400F4AC7C /* UIView_Blur.h */ = {isa = PBXFileReference; fileEncoding = 4; lastKnownFileType = sourcecode.c.h; name = UIView_Blur.h; path = Extensions/UIView_Blur.h; sourceTree = "<group>"; };
		E8ABE7021ABF7E3400F4AC7C /* UIView_Blur.m */ = {isa = PBXFileReference; fileEncoding = 4; lastKnownFileType = sourcecode.c.objc; name = UIView_Blur.m; path = Extensions/UIView_Blur.m; sourceTree = "<group>"; };
		E8ABE7041ABF855800F4AC7C /* TableViewController.h */ = {isa = PBXFileReference; fileEncoding = 4; lastKnownFileType = sourcecode.c.h; path = TableViewController.h; sourceTree = "<group>"; };
		E8ABE7051ABF855800F4AC7C /* TableViewController.m */ = {isa = PBXFileReference; fileEncoding = 4; lastKnownFileType = sourcecode.c.objc; path = TableViewController.m; sourceTree = "<group>"; };
		E8ABE7071ABF8D4500F4AC7C /* UIImage+ImageEffects.h */ = {isa = PBXFileReference; fileEncoding = 4; lastKnownFileType = sourcecode.c.h; name = "UIImage+ImageEffects.h"; path = "Extensions/UIImage+ImageEffects.h"; sourceTree = "<group>"; };
		E8ABE7081ABF8D4500F4AC7C /* UIImage+ImageEffects.m */ = {isa = PBXFileReference; fileEncoding = 4; lastKnownFileType = sourcecode.c.objc; name = "UIImage+ImageEffects.m"; path = "Extensions/UIImage+ImageEffects.m"; sourceTree = "<group>"; };
		E8ABE70A1ABF92AE00F4AC7C /* UINavigationController+Fade.h */ = {isa = PBXFileReference; fileEncoding = 4; lastKnownFileType = sourcecode.c.h; name = "UINavigationController+Fade.h"; path = "Extensions/UINavigationController+Fade.h"; sourceTree = "<group>"; };
		E8ABE70B1ABF92AE00F4AC7C /* UINavigationController+Fade.m */ = {isa = PBXFileReference; fileEncoding = 4; lastKnownFileType = sourcecode.c.objc; name = "UINavigationController+Fade.m"; path = "Extensions/UINavigationController+Fade.m"; sourceTree = "<group>"; };
		E8ABE70D1ABFB26D00F4AC7C /* tray-online.png */ = {isa = PBXFileReference; lastKnownFileType = image.png; name = "tray-online.png"; path = "Images/tray-online.png"; sourceTree = "<group>"; };
		E8FD43571ABE1B0700798D03 /* QuestionState.h */ = {isa = PBXFileReference; fileEncoding = 4; lastKnownFileType = sourcecode.c.h; name = QuestionState.h; path = Model/QuestionState.h; sourceTree = "<group>"; };
		E8FD43581ABE1B0700798D03 /* QuestionState.m */ = {isa = PBXFileReference; fileEncoding = 4; lastKnownFileType = sourcecode.c.objc; name = QuestionState.m; path = Model/QuestionState.m; sourceTree = "<group>"; };
		E8FD435A1ABE275E00798D03 /* GameViewController.h */ = {isa = PBXFileReference; fileEncoding = 4; lastKnownFileType = sourcecode.c.h; path = GameViewController.h; sourceTree = "<group>"; };
		E8FD435B1ABE275E00798D03 /* GameViewController.m */ = {isa = PBXFileReference; fileEncoding = 4; lastKnownFileType = sourcecode.c.objc; path = GameViewController.m; sourceTree = "<group>"; };
		E8FD435D1ABE2A7100798D03 /* GameQuestionViewController.h */ = {isa = PBXFileReference; fileEncoding = 4; lastKnownFileType = sourcecode.c.h; path = GameQuestionViewController.h; sourceTree = "<group>"; };
		E8FD435E1ABE2A7100798D03 /* GameQuestionViewController.m */ = {isa = PBXFileReference; fileEncoding = 4; lastKnownFileType = sourcecode.c.objc; path = GameQuestionViewController.m; sourceTree = "<group>"; };
		E8FD43601ABE2A9000798D03 /* GameOptionsViewController.h */ = {isa = PBXFileReference; fileEncoding = 4; lastKnownFileType = sourcecode.c.h; path = GameOptionsViewController.h; sourceTree = "<group>"; };
		E8FD43611ABE2A9000798D03 /* GameOptionsViewController.m */ = {isa = PBXFileReference; fileEncoding = 4; lastKnownFileType = sourcecode.c.objc; path = GameOptionsViewController.m; sourceTree = "<group>"; };
		E8FD43631ABE2AB400798D03 /* GameProgressViewController.h */ = {isa = PBXFileReference; fileEncoding = 4; lastKnownFileType = sourcecode.c.h; path = GameProgressViewController.h; sourceTree = "<group>"; };
		E8FD43641ABE2AB400798D03 /* GameProgressViewController.m */ = {isa = PBXFileReference; fileEncoding = 4; lastKnownFileType = sourcecode.c.objc; path = GameProgressViewController.m; sourceTree = "<group>"; };
/* End PBXFileReference section */

/* Begin PBXFrameworksBuildPhase section */
		E831E9961AB91F0F005D5635 /* Frameworks */ = {
			isa = PBXFrameworksBuildPhase;
			buildActionMask = 2147483647;
			files = (
			);
			runOnlyForDeploymentPostprocessing = 0;
		};
		E831E9AF1AB91F10005D5635 /* Frameworks */ = {
			isa = PBXFrameworksBuildPhase;
			buildActionMask = 2147483647;
			files = (
			);
			runOnlyForDeploymentPostprocessing = 0;
		};
/* End PBXFrameworksBuildPhase section */

/* Begin PBXGroup section */
		CF3BA1A81ABCEC8500756873 /* Extensions */ = {
			isa = PBXGroup;
			children = (
				E8ABE7071ABF8D4500F4AC7C /* UIImage+ImageEffects.h */,
				E8ABE7081ABF8D4500F4AC7C /* UIImage+ImageEffects.m */,
				CF3BA1A51ABCEC8000756873 /* NSMutableArray_Shuffling.h */,
				CF3BA1A61ABCEC8000756873 /* NSMutableArray_Shuffling.m */,
				E8ABE7011ABF7E3400F4AC7C /* UIView_Blur.h */,
				E8ABE7021ABF7E3400F4AC7C /* UIView_Blur.m */,
				E8ABE70A1ABF92AE00F4AC7C /* UINavigationController+Fade.h */,
				E8ABE70B1ABF92AE00F4AC7C /* UINavigationController+Fade.m */,
			);
			name = Extensions;
			sourceTree = "<group>";
		};
		CFE57B0A1ABA2ABF008C09C3 /* Model */ = {
			isa = PBXGroup;
			children = (
				CFE57B1D1ABA3F59008C09C3 /* Json.h */,
				CFE57B1E1ABA3F59008C09C3 /* Json.m */,
				CFE57B0E1ABA2BD1008C09C3 /* Game.h */,
				CFE57B0F1ABA2BD1008C09C3 /* Game.m */,
				CFE57B111ABA2D15008C09C3 /* Question.h */,
				CFE57B121ABA2D15008C09C3 /* Question.m */,
				CFE57B141ABA3012008C09C3 /* Answer.h */,
				CFE57B151ABA3012008C09C3 /* Answer.m */,
				CFE57B221ABA440B008C09C3 /* StudentOpinion.h */,
				CFE57B231ABA440B008C09C3 /* StudentOpinion.m */,
				CF3BA19F1ABCD2AC00756873 /* HighScoreManager.h */,
				CF3BA1A01ABCD2AC00756873 /* HighScoreManager.m */,
				CF3BA1A21ABCD2E800756873 /* Score.h */,
				CF3BA1A31ABCD2E800756873 /* Score.m */,
				E8FD43571ABE1B0700798D03 /* QuestionState.h */,
				E8FD43581ABE1B0700798D03 /* QuestionState.m */,
			);
			name = Model;
			sourceTree = "<group>";
		};
		CFE57B171ABA31AC008C09C3 /* Data */ = {
			isa = PBXGroup;
			children = (
				E8ABE6E41ABF652200F4AC7C /* Question0.json */,
				E8ABE6C91ABF652200F4AC7C /* Question1.json */,
				E8ABE6CA1ABF652200F4AC7C /* Question2.json */,
				E8ABE6CB1ABF652200F4AC7C /* Question3.json */,
				E8ABE6CC1ABF652200F4AC7C /* Question4.json */,
				E8ABE6CD1ABF652200F4AC7C /* Question5.json */,
				E8ABE6CE1ABF652200F4AC7C /* Question6.json */,
				E8ABE6CF1ABF652200F4AC7C /* Question7.json */,
				E8ABE6D01ABF652200F4AC7C /* Question8.json */,
				E8ABE6D11ABF652200F4AC7C /* Question9.json */,
				E8ABE6D21ABF652200F4AC7C /* Question10.json */,
				E8ABE6D31ABF652200F4AC7C /* Question11.json */,
				E8ABE6D41ABF652200F4AC7C /* Question12.json */,
				E8ABE6D51ABF652200F4AC7C /* Question13.json */,
				E8ABE6D61ABF652200F4AC7C /* Question14.json */,
				E8ABE6D71ABF652200F4AC7C /* Question15.json */,
				E8ABE6D81ABF652200F4AC7C /* Question16.json */,
				E8ABE6D91ABF652200F4AC7C /* Question17.json */,
				E8ABE6DA1ABF652200F4AC7C /* Question18.json */,
				E8ABE6DB1ABF652200F4AC7C /* Question19.json */,
				E8ABE6DC1ABF652200F4AC7C /* Question20.json */,
				E8ABE6DD1ABF652200F4AC7C /* Question21.json */,
				E8ABE6DE1ABF652200F4AC7C /* Question22.json */,
				E8ABE6DF1ABF652200F4AC7C /* Question23.json */,
				E8ABE6E01ABF652200F4AC7C /* Question24.json */,
				E8ABE6E11ABF652200F4AC7C /* Question25.json */,
				E8ABE6E21ABF652200F4AC7C /* Question26.json */,
				E8ABE6E31ABF652200F4AC7C /* Question27.json */,
			);
			name = Data;
			sourceTree = "<group>";
		};
		E831E9901AB91F0F005D5635 = {
			isa = PBXGroup;
			children = (
				E831E99B1AB91F0F005D5635 /* BEPiD-03-quiz */,
				E831E9B51AB91F10005D5635 /* BEPiD-03-quizTests */,
				E831E99A1AB91F0F005D5635 /* Products */,
			);
			sourceTree = "<group>";
		};
		E831E99A1AB91F0F005D5635 /* Products */ = {
			isa = PBXGroup;
			children = (
				E831E9991AB91F0F005D5635 /* BEPiD-03-quiz.app */,
				E831E9B21AB91F10005D5635 /* BEPiD-03-quizTests.xctest */,
			);
			name = Products;
			sourceTree = "<group>";
		};
		E831E99B1AB91F0F005D5635 /* BEPiD-03-quiz */ = {
			isa = PBXGroup;
			children = (
				E84D47651ABDEDD10051B3CD /* Images */,
				CF3BA1A81ABCEC8500756873 /* Extensions */,
				CFE57B171ABA31AC008C09C3 /* Data */,
				CFE57B0A1ABA2ABF008C09C3 /* Model */,
				E831E9A01AB91F0F005D5635 /* AppDelegate.h */,
				E831E9A11AB91F0F005D5635 /* AppDelegate.m */,
				E831E9A61AB91F10005D5635 /* Main.storyboard */,
				E831E9A91AB91F10005D5635 /* Images.xcassets */,
				E831E9AB1AB91F10005D5635 /* LaunchScreen.xib */,
				E831E99C1AB91F0F005D5635 /* Supporting Files */,
				E831E9A31AB91F0F005D5635 /* StartViewController.h */,
				E831E9A41AB91F0F005D5635 /* StartViewController.m */,
				E8FD435A1ABE275E00798D03 /* GameViewController.h */,
				E8FD435B1ABE275E00798D03 /* GameViewController.m */,
				E8FD435D1ABE2A7100798D03 /* GameQuestionViewController.h */,
				E8FD435E1ABE2A7100798D03 /* GameQuestionViewController.m */,
				E8FD43601ABE2A9000798D03 /* GameOptionsViewController.h */,
				E8FD43611ABE2A9000798D03 /* GameOptionsViewController.m */,
				E8FD43631ABE2AB400798D03 /* GameProgressViewController.h */,
				E8FD43641ABE2AB400798D03 /* GameProgressViewController.m */,
				E8ABE6C31ABF2C5100F4AC7C /* GameOverViewController.h */,
				E8ABE6C41ABF2C5100F4AC7C /* GameOverViewController.m */,
				E8ABE6C61ABF52DB00F4AC7C /* HighScoreViewController.h */,
				E8ABE6C71ABF52DB00F4AC7C /* HighScoreViewController.m */,
				E8ABE7041ABF855800F4AC7C /* TableViewController.h */,
				E8ABE7051ABF855800F4AC7C /* TableViewController.m */,
			);
			path = "BEPiD-03-quiz";
			sourceTree = "<group>";
		};
		E831E99C1AB91F0F005D5635 /* Supporting Files */ = {
			isa = PBXGroup;
			children = (
				E831E99D1AB91F0F005D5635 /* Info.plist */,
				E831E99E1AB91F0F005D5635 /* main.m */,
			);
			name = "Supporting Files";
			sourceTree = "<group>";
		};
		E831E9B51AB91F10005D5635 /* BEPiD-03-quizTests */ = {
			isa = PBXGroup;
			children = (
				E831E9B81AB91F10005D5635 /* BEPiD_03_quizTests.m */,
				E831E9B61AB91F10005D5635 /* Supporting Files */,
			);
			path = "BEPiD-03-quizTests";
			sourceTree = "<group>";
		};
		E831E9B61AB91F10005D5635 /* Supporting Files */ = {
			isa = PBXGroup;
			children = (
				E831E9B71AB91F10005D5635 /* Info.plist */,
			);
			name = "Supporting Files";
			sourceTree = "<group>";
		};
		E84D47651ABDEDD10051B3CD /* Images */ = {
			isa = PBXGroup;
			children = (
				E8ABE70D1ABFB26D00F4AC7C /* tray-online.png */,
				E84D475F1ABDEDCC0051B3CD /* 475332-flag-128.png */,
				E84D47601ABDEDCC0051B3CD /* 475333-announce-128.png */,
				E84D47611ABDEDCC0051B3CD /* modifier-128.png */,
			);
			name = Images;
			sourceTree = "<group>";
		};
/* End PBXGroup section */

/* Begin PBXNativeTarget section */
		E831E9981AB91F0F005D5635 /* BEPiD-03-quiz */ = {
			isa = PBXNativeTarget;
			buildConfigurationList = E831E9BC1AB91F10005D5635 /* Build configuration list for PBXNativeTarget "BEPiD-03-quiz" */;
			buildPhases = (
				E831E9951AB91F0F005D5635 /* Sources */,
				E831E9961AB91F0F005D5635 /* Frameworks */,
				E831E9971AB91F0F005D5635 /* Resources */,
			);
			buildRules = (
			);
			dependencies = (
			);
			name = "BEPiD-03-quiz";
			productName = "BEPiD-03-quiz";
			productReference = E831E9991AB91F0F005D5635 /* BEPiD-03-quiz.app */;
			productType = "com.apple.product-type.application";
		};
		E831E9B11AB91F10005D5635 /* BEPiD-03-quizTests */ = {
			isa = PBXNativeTarget;
			buildConfigurationList = E831E9BF1AB91F10005D5635 /* Build configuration list for PBXNativeTarget "BEPiD-03-quizTests" */;
			buildPhases = (
				E831E9AE1AB91F10005D5635 /* Sources */,
				E831E9AF1AB91F10005D5635 /* Frameworks */,
				E831E9B01AB91F10005D5635 /* Resources */,
			);
			buildRules = (
			);
			dependencies = (
				E831E9B41AB91F10005D5635 /* PBXTargetDependency */,
			);
			name = "BEPiD-03-quizTests";
			productName = "BEPiD-03-quizTests";
			productReference = E831E9B21AB91F10005D5635 /* BEPiD-03-quizTests.xctest */;
			productType = "com.apple.product-type.bundle.unit-test";
		};
/* End PBXNativeTarget section */

/* Begin PBXProject section */
		E831E9911AB91F0F005D5635 /* Project object */ = {
			isa = PBXProject;
			attributes = {
				LastUpgradeCheck = 0620;
				ORGANIZATIONNAME = "João Vitor";
				TargetAttributes = {
					E831E9981AB91F0F005D5635 = {
						CreatedOnToolsVersion = 6.2;
					};
					E831E9B11AB91F10005D5635 = {
						CreatedOnToolsVersion = 6.2;
						TestTargetID = E831E9981AB91F0F005D5635;
					};
				};
			};
			buildConfigurationList = E831E9941AB91F0F005D5635 /* Build configuration list for PBXProject "BEPiD-03-quiz" */;
			compatibilityVersion = "Xcode 3.2";
			developmentRegion = English;
			hasScannedForEncodings = 0;
			knownRegions = (
				en,
				Base,
			);
			mainGroup = E831E9901AB91F0F005D5635;
			productRefGroup = E831E99A1AB91F0F005D5635 /* Products */;
			projectDirPath = "";
			projectRoot = "";
			targets = (
				E831E9981AB91F0F005D5635 /* BEPiD-03-quiz */,
				E831E9B11AB91F10005D5635 /* BEPiD-03-quizTests */,
			);
		};
/* End PBXProject section */

/* Begin PBXResourcesBuildPhase section */
		E831E9971AB91F0F005D5635 /* Resources */ = {
			isa = PBXResourcesBuildPhase;
			buildActionMask = 2147483647;
			files = (
				E8ABE6E81ABF652200F4AC7C /* Question4.json in Resources */,
				E8ABE6EB1ABF652200F4AC7C /* Question7.json in Resources */,
				E8ABE6FC1ABF652200F4AC7C /* Question24.json in Resources */,
				E8ABE6FA1ABF652200F4AC7C /* Question22.json in Resources */,
				E8ABE6F61ABF652200F4AC7C /* Question18.json in Resources */,
				E8ABE6F01ABF652200F4AC7C /* Question12.json in Resources */,
				E8ABE6FE1ABF652200F4AC7C /* Question26.json in Resources */,
				E831E9A81AB91F10005D5635 /* Main.storyboard in Resources */,
				E8ABE70E1ABFB26D00F4AC7C /* tray-online.png in Resources */,
				E84D47621ABDEDCC0051B3CD /* 475332-flag-128.png in Resources */,
				E8ABE6EA1ABF652200F4AC7C /* Question6.json in Resources */,
				E8ABE6EC1ABF652200F4AC7C /* Question8.json in Resources */,
				E8ABE6F51ABF652200F4AC7C /* Question17.json in Resources */,
				E8ABE7001ABF652200F4AC7C /* Question0.json in Resources */,
				E8ABE6F11ABF652200F4AC7C /* Question13.json in Resources */,
				E8ABE6E61ABF652200F4AC7C /* Question2.json in Resources */,
				E8ABE6FB1ABF652200F4AC7C /* Question23.json in Resources */,
				E8ABE6ED1ABF652200F4AC7C /* Question9.json in Resources */,
				E831E9AD1AB91F10005D5635 /* LaunchScreen.xib in Resources */,
				E8ABE6F31ABF652200F4AC7C /* Question15.json in Resources */,
				E8ABE6EE1ABF652200F4AC7C /* Question10.json in Resources */,
				E8ABE6F81ABF652200F4AC7C /* Question20.json in Resources */,
				E84D47641ABDEDCC0051B3CD /* modifier-128.png in Resources */,
				E8ABE6E71ABF652200F4AC7C /* Question3.json in Resources */,
				E84D47631ABDEDCC0051B3CD /* 475333-announce-128.png in Resources */,
				E8ABE6FD1ABF652200F4AC7C /* Question25.json in Resources */,
				E8ABE6F41ABF652200F4AC7C /* Question16.json in Resources */,
				E8ABE6EF1ABF652200F4AC7C /* Question11.json in Resources */,
				E8ABE6F21ABF652200F4AC7C /* Question14.json in Resources */,
				E831E9AA1AB91F10005D5635 /* Images.xcassets in Resources */,
				E8ABE6F71ABF652200F4AC7C /* Question19.json in Resources */,
				E8ABE6E51ABF652200F4AC7C /* Question1.json in Resources */,
				E8ABE6F91ABF652200F4AC7C /* Question21.json in Resources */,
				E8ABE6FF1ABF652200F4AC7C /* Question27.json in Resources */,
				E8ABE6E91ABF652200F4AC7C /* Question5.json in Resources */,
			);
			runOnlyForDeploymentPostprocessing = 0;
		};
		E831E9B01AB91F10005D5635 /* Resources */ = {
			isa = PBXResourcesBuildPhase;
			buildActionMask = 2147483647;
			files = (
			);
			runOnlyForDeploymentPostprocessing = 0;
		};
/* End PBXResourcesBuildPhase section */

/* Begin PBXSourcesBuildPhase section */
		E831E9951AB91F0F005D5635 /* Sources */ = {
			isa = PBXSourcesBuildPhase;
			buildActionMask = 2147483647;
			files = (
				CFE57B101ABA2BD1008C09C3 /* Game.m in Sources */,
				CF3BA1A11ABCD2AC00756873 /* HighScoreManager.m in Sources */,
				E8ABE7091ABF8D4500F4AC7C /* UIImage+ImageEffects.m in Sources */,
				E8ABE7031ABF7E3400F4AC7C /* UIView_Blur.m in Sources */,
				E8ABE7061ABF855800F4AC7C /* TableViewController.m in Sources */,
				E8ABE70C1ABF92AE00F4AC7C /* UINavigationController+Fade.m in Sources */,
				E8FD43621ABE2A9000798D03 /* GameOptionsViewController.m in Sources */,
				CF3BA1A41ABCD2E800756873 /* Score.m in Sources */,
				CFE57B161ABA3012008C09C3 /* Answer.m in Sources */,
				E8FD43651ABE2AB400798D03 /* GameProgressViewController.m in Sources */,
				CFE57B1F1ABA3F59008C09C3 /* Json.m in Sources */,
				E8ABE6C51ABF2C5100F4AC7C /* GameOverViewController.m in Sources */,
				E8FD435C1ABE275E00798D03 /* GameViewController.m in Sources */,
				E831E9A51AB91F10005D5635 /* StartViewController.m in Sources */,
				CFE57B131ABA2D15008C09C3 /* Question.m in Sources */,
				E8FD43591ABE1B0700798D03 /* QuestionState.m in Sources */,
				E831E9A21AB91F0F005D5635 /* AppDelegate.m in Sources */,
				CF3BA1A71ABCEC8000756873 /* NSMutableArray_Shuffling.m in Sources */,
				CFE57B241ABA440B008C09C3 /* StudentOpinion.m in Sources */,
				E8FD435F1ABE2A7100798D03 /* GameQuestionViewController.m in Sources */,
				E831E99F1AB91F0F005D5635 /* main.m in Sources */,
				E8ABE6C81ABF52DB00F4AC7C /* HighScoreViewController.m in Sources */,
			);
			runOnlyForDeploymentPostprocessing = 0;
		};
		E831E9AE1AB91F10005D5635 /* Sources */ = {
			isa = PBXSourcesBuildPhase;
			buildActionMask = 2147483647;
			files = (
				E831E9B91AB91F10005D5635 /* BEPiD_03_quizTests.m in Sources */,
			);
			runOnlyForDeploymentPostprocessing = 0;
		};
/* End PBXSourcesBuildPhase section */

/* Begin PBXTargetDependency section */
		E831E9B41AB91F10005D5635 /* PBXTargetDependency */ = {
			isa = PBXTargetDependency;
			target = E831E9981AB91F0F005D5635 /* BEPiD-03-quiz */;
			targetProxy = E831E9B31AB91F10005D5635 /* PBXContainerItemProxy */;
		};
/* End PBXTargetDependency section */

/* Begin PBXVariantGroup section */
		E831E9A61AB91F10005D5635 /* Main.storyboard */ = {
			isa = PBXVariantGroup;
			children = (
				E831E9A71AB91F10005D5635 /* Base */,
			);
			name = Main.storyboard;
			sourceTree = "<group>";
		};
		E831E9AB1AB91F10005D5635 /* LaunchScreen.xib */ = {
			isa = PBXVariantGroup;
			children = (
				E831E9AC1AB91F10005D5635 /* Base */,
			);
			name = LaunchScreen.xib;
			sourceTree = "<group>";
		};
/* End PBXVariantGroup section */

/* Begin XCBuildConfiguration section */
		E831E9BA1AB91F10005D5635 /* Debug */ = {
			isa = XCBuildConfiguration;
			buildSettings = {
				ALWAYS_SEARCH_USER_PATHS = NO;
				CLANG_CXX_LANGUAGE_STANDARD = "gnu++0x";
				CLANG_CXX_LIBRARY = "libc++";
				CLANG_ENABLE_MODULES = YES;
				CLANG_ENABLE_OBJC_ARC = YES;
				CLANG_WARN_BOOL_CONVERSION = YES;
				CLANG_WARN_CONSTANT_CONVERSION = YES;
				CLANG_WARN_DIRECT_OBJC_ISA_USAGE = YES_ERROR;
				CLANG_WARN_EMPTY_BODY = YES;
				CLANG_WARN_ENUM_CONVERSION = YES;
				CLANG_WARN_INT_CONVERSION = YES;
				CLANG_WARN_OBJC_ROOT_CLASS = YES_ERROR;
				CLANG_WARN_UNREACHABLE_CODE = YES;
				CLANG_WARN__DUPLICATE_METHOD_MATCH = YES;
				"CODE_SIGN_IDENTITY[sdk=iphoneos*]" = "iPhone Developer";
				COPY_PHASE_STRIP = NO;
				ENABLE_STRICT_OBJC_MSGSEND = YES;
				GCC_C_LANGUAGE_STANDARD = gnu99;
				GCC_DYNAMIC_NO_PIC = NO;
				GCC_OPTIMIZATION_LEVEL = 0;
				GCC_PREPROCESSOR_DEFINITIONS = (
					"DEBUG=1",
					"$(inherited)",
				);
				GCC_SYMBOLS_PRIVATE_EXTERN = NO;
				GCC_WARN_64_TO_32_BIT_CONVERSION = YES;
				GCC_WARN_ABOUT_RETURN_TYPE = YES_ERROR;
				GCC_WARN_UNDECLARED_SELECTOR = YES;
				GCC_WARN_UNINITIALIZED_AUTOS = YES_AGGRESSIVE;
				GCC_WARN_UNUSED_FUNCTION = YES;
				GCC_WARN_UNUSED_VARIABLE = YES;
				IPHONEOS_DEPLOYMENT_TARGET = 8.2;
				MTL_ENABLE_DEBUG_INFO = YES;
				ONLY_ACTIVE_ARCH = YES;
				SDKROOT = iphoneos;
				TARGETED_DEVICE_FAMILY = "1,2";
			};
			name = Debug;
		};
		E831E9BB1AB91F10005D5635 /* Release */ = {
			isa = XCBuildConfiguration;
			buildSettings = {
				ALWAYS_SEARCH_USER_PATHS = NO;
				CLANG_CXX_LANGUAGE_STANDARD = "gnu++0x";
				CLANG_CXX_LIBRARY = "libc++";
				CLANG_ENABLE_MODULES = YES;
				CLANG_ENABLE_OBJC_ARC = YES;
				CLANG_WARN_BOOL_CONVERSION = YES;
				CLANG_WARN_CONSTANT_CONVERSION = YES;
				CLANG_WARN_DIRECT_OBJC_ISA_USAGE = YES_ERROR;
				CLANG_WARN_EMPTY_BODY = YES;
				CLANG_WARN_ENUM_CONVERSION = YES;
				CLANG_WARN_INT_CONVERSION = YES;
				CLANG_WARN_OBJC_ROOT_CLASS = YES_ERROR;
				CLANG_WARN_UNREACHABLE_CODE = YES;
				CLANG_WARN__DUPLICATE_METHOD_MATCH = YES;
				"CODE_SIGN_IDENTITY[sdk=iphoneos*]" = "iPhone Developer";
				COPY_PHASE_STRIP = NO;
				ENABLE_NS_ASSERTIONS = NO;
				ENABLE_STRICT_OBJC_MSGSEND = YES;
				GCC_C_LANGUAGE_STANDARD = gnu99;
				GCC_WARN_64_TO_32_BIT_CONVERSION = YES;
				GCC_WARN_ABOUT_RETURN_TYPE = YES_ERROR;
				GCC_WARN_UNDECLARED_SELECTOR = YES;
				GCC_WARN_UNINITIALIZED_AUTOS = YES_AGGRESSIVE;
				GCC_WARN_UNUSED_FUNCTION = YES;
				GCC_WARN_UNUSED_VARIABLE = YES;
				IPHONEOS_DEPLOYMENT_TARGET = 8.2;
				MTL_ENABLE_DEBUG_INFO = NO;
				SDKROOT = iphoneos;
				TARGETED_DEVICE_FAMILY = "1,2";
				VALIDATE_PRODUCT = YES;
			};
			name = Release;
		};
		E831E9BD1AB91F10005D5635 /* Debug */ = {
			isa = XCBuildConfiguration;
			buildSettings = {
				ASSETCATALOG_COMPILER_APPICON_NAME = AppIcon;
				INFOPLIST_FILE = "BEPiD-03-quiz/Info.plist";
				LD_RUNPATH_SEARCH_PATHS = "$(inherited) @executable_path/Frameworks";
				PRODUCT_NAME = "$(TARGET_NAME)";
			};
			name = Debug;
		};
		E831E9BE1AB91F10005D5635 /* Release */ = {
			isa = XCBuildConfiguration;
			buildSettings = {
				ASSETCATALOG_COMPILER_APPICON_NAME = AppIcon;
				INFOPLIST_FILE = "BEPiD-03-quiz/Info.plist";
				LD_RUNPATH_SEARCH_PATHS = "$(inherited) @executable_path/Frameworks";
				PRODUCT_NAME = "$(TARGET_NAME)";
			};
			name = Release;
		};
		E831E9C01AB91F10005D5635 /* Debug */ = {
			isa = XCBuildConfiguration;
			buildSettings = {
				BUNDLE_LOADER = "$(TEST_HOST)";
				FRAMEWORK_SEARCH_PATHS = (
					"$(SDKROOT)/Developer/Library/Frameworks",
					"$(inherited)",
				);
				GCC_PREPROCESSOR_DEFINITIONS = (
					"DEBUG=1",
					"$(inherited)",
				);
				INFOPLIST_FILE = "BEPiD-03-quizTests/Info.plist";
				LD_RUNPATH_SEARCH_PATHS = "$(inherited) @executable_path/Frameworks @loader_path/Frameworks";
				PRODUCT_NAME = "$(TARGET_NAME)";
				TEST_HOST = "$(BUILT_PRODUCTS_DIR)/BEPiD-03-quiz.app/BEPiD-03-quiz";
			};
			name = Debug;
		};
		E831E9C11AB91F10005D5635 /* Release */ = {
			isa = XCBuildConfiguration;
			buildSettings = {
				BUNDLE_LOADER = "$(TEST_HOST)";
				FRAMEWORK_SEARCH_PATHS = (
					"$(SDKROOT)/Developer/Library/Frameworks",
					"$(inherited)",
				);
				INFOPLIST_FILE = "BEPiD-03-quizTests/Info.plist";
				LD_RUNPATH_SEARCH_PATHS = "$(inherited) @executable_path/Frameworks @loader_path/Frameworks";
				PRODUCT_NAME = "$(TARGET_NAME)";
				TEST_HOST = "$(BUILT_PRODUCTS_DIR)/BEPiD-03-quiz.app/BEPiD-03-quiz";
			};
			name = Release;
		};
/* End XCBuildConfiguration section */

/* Begin XCConfigurationList section */
		E831E9941AB91F0F005D5635 /* Build configuration list for PBXProject "BEPiD-03-quiz" */ = {
			isa = XCConfigurationList;
			buildConfigurations = (
				E831E9BA1AB91F10005D5635 /* Debug */,
				E831E9BB1AB91F10005D5635 /* Release */,
			);
			defaultConfigurationIsVisible = 0;
			defaultConfigurationName = Release;
		};
		E831E9BC1AB91F10005D5635 /* Build configuration list for PBXNativeTarget "BEPiD-03-quiz" */ = {
			isa = XCConfigurationList;
			buildConfigurations = (
				E831E9BD1AB91F10005D5635 /* Debug */,
				E831E9BE1AB91F10005D5635 /* Release */,
			);
			defaultConfigurationIsVisible = 0;
			defaultConfigurationName = Release;
		};
		E831E9BF1AB91F10005D5635 /* Build configuration list for PBXNativeTarget "BEPiD-03-quizTests" */ = {
			isa = XCConfigurationList;
			buildConfigurations = (
				E831E9C01AB91F10005D5635 /* Debug */,
				E831E9C11AB91F10005D5635 /* Release */,
			);
			defaultConfigurationIsVisible = 0;
			defaultConfigurationName = Release;
		};
/* End XCConfigurationList section */
	};
	rootObject = E831E9911AB91F0F005D5635 /* Project object */;
}
